
Microsoft Visual Studio Solution File, Format Version 12.00
# Visual Studio Version 16
VisualStudioVersion = 16.0.30611.23
MinimumVisualStudioVersion = 10.0.40219.1
Project("{8BC9CEB8-8B4A-11D0-8D11-00A0C91BC942}") = "CollatzProblem1", "CollatzProblem1\CollatzProblem1.vcxproj", "{A89789D5-5B23-4752-832C-450D85DD3717}"
EndProject
Global
	GlobalSection(SolutionConfigurationPlatforms) = preSolution
		Debug|x64 = Debug|x64
		Debug|x86 = Debug|x86
		Release|x64 = Release|x64
		Release|x86 = Release|x86
	EndGlobalSection
	GlobalSection(ProjectConfigurationPlatforms) = postSolution
		{A89789D5-5B23-4752-832C-450D85DD3717}.Debug|x64.ActiveCfg = Debug|x64
		{A89789D5-5B23-4752-832C-450D85DD3717}.Debug|x64.Build.0 = Debug|x64
		{A89789D5-5B23-4752-832C-450D85DD3717}.Debug|x86.ActiveCfg = Debug|Win32
		{A89789D5-5B23-4752-832C-450D85DD3717}.Debug|x86.Build.0 = Debug|Win32
		{A89789D5-5B23-4752-832C-450D85DD3717}.Release|x64.ActiveCfg = Release|x64
		{A89789D5-5B23-4752-832C-450D85DD3717}.Release|x64.Build.0 = Release|x64
		{A89789D5-5B23-4752-832C-450D85DD3717}.Release|x86.ActiveCfg = Release|Win32
		{A89789D5-5B23-4752-832C-450D85DD3717}.Release|x86.Build.0 = Release|Win32
	EndGlobalSection
	GlobalSection(SolutionProperties) = preSolution
		HideSolutionNode = FALSE
	EndGlobalSection
	GlobalSection(ExtensibilityGlobals) = postSolution
		SolutionGuid = {390EE346-3D28-4F4E-A64B-A8C1534C5E91}
	EndGlobalSection
EndGlobal
